// !$*UTF8*$!
{
	archiveVersion = 1;
	classes = {
	};
	objectVersion = 50;
	objects = {

/* Begin PBXBuildFile section */
		02764C9622251D31008F963C /* main.swift in Sources */ = {isa = PBXBuildFile; fileRef = 02764C9522251D31008F963C /* main.swift */; };
		02764C9D22251D4F008F963C /* LeetCode343_IntegerBreak.swift in Sources */ = {isa = PBXBuildFile; fileRef = 02764C9C22251D4F008F963C /* LeetCode343_IntegerBreak.swift */; };
		02764C9F222527E9008F963C /* LeetCode70_ClimbingStairs.swift in Sources */ = {isa = PBXBuildFile; fileRef = 02764C9E222527E9008F963C /* LeetCode70_ClimbingStairs.swift */; };
		02764CA12225307E008F963C /* LeetCode509_FibonacciNumber.swift in Sources */ = {isa = PBXBuildFile; fileRef = 02764CA02225307E008F963C /* LeetCode509_FibonacciNumber.swift */; };
		02764CA322253359008F963C /* 842SplitArrayintoFibonacciSequence.swift in Sources */ = {isa = PBXBuildFile; fileRef = 02764CA222253359008F963C /* 842SplitArrayintoFibonacciSequence.swift */; };
		02764CA522265436008F963C /* 32LongestValidParentheses.swift in Sources */ = {isa = PBXBuildFile; fileRef = 02764CA422265436008F963C /* 32LongestValidParentheses.swift */; };
		02764CA722267BA1008F963C /* LeetCode198_HouseRobber.swift in Sources */ = {isa = PBXBuildFile; fileRef = 02764CA622267BA1008F963C /* LeetCode198_HouseRobber.swift */; };
		027DB13B2229308D0023487B /* 33SearchInRotatedSortedArray.swift in Sources */ = {isa = PBXBuildFile; fileRef = 027DB13A2229308D0023487B /* 33SearchInRotatedSortedArray.swift */; };
		027DB1FA222F706B0023487B /* RingList.swift in Sources */ = {isa = PBXBuildFile; fileRef = 027DB1F9222F706B0023487B /* RingList.swift */; };
		027DB200222FB0620023487B /* BinaryTreeHeight.swift in Sources */ = {isa = PBXBuildFile; fileRef = 027DB1FF222FB0620023487B /* BinaryTreeHeight.swift */; };
		02C4292F223F84E000FCD718 /* FullPermutationString.swift in Sources */ = {isa = PBXBuildFile; fileRef = 02C4292E223F84E000FCD718 /* FullPermutationString.swift */; };
		02C429312240EBEC00FCD718 /* 17LetterCombinationsofaPhoneNumber.swift in Sources */ = {isa = PBXBuildFile; fileRef = 02C429302240EBEC00FCD718 /* 17LetterCombinationsofaPhoneNumber.swift */; };
		02C42933224209AB00FCD718 /* 38CountAndSay.swift in Sources */ = {isa = PBXBuildFile; fileRef = 02C42932224209AB00FCD718 /* 38CountAndSay.swift */; };
		02C429352242100600FCD718 /* 39CombinationSum.swift in Sources */ = {isa = PBXBuildFile; fileRef = 02C429342242100600FCD718 /* 39CombinationSum.swift */; };
		02C42937224235B300FCD718 /* 41FirstMissingpPositive.swift in Sources */ = {isa = PBXBuildFile; fileRef = 02C42936224235B300FCD718 /* 41FirstMissingpPositive.swift */; };
		02C4293922431F2C00FCD718 /* 40CombinationSumII.swift in Sources */ = {isa = PBXBuildFile; fileRef = 02C4293822431F2C00FCD718 /* 40CombinationSumII.swift */; };
		02C4293C224338D200FCD718 /* 771JewelsAndStones.swift in Sources */ = {isa = PBXBuildFile; fileRef = 02C4293B224338D200FCD718 /* 771JewelsAndStones.swift */; };
		02C4293E22433BEF00FCD718 /* 709ToLowerCase.swift in Sources */ = {isa = PBXBuildFile; fileRef = 02C4293D22433BEF00FCD718 /* 709ToLowerCase.swift */; };
		02C42940224357A000FCD718 /* 977SquaresOfASortedArray.swift in Sources */ = {isa = PBXBuildFile; fileRef = 02C4293F224357A000FCD718 /* 977SquaresOfASortedArray.swift */; };
		02C42942224364C800FCD718 /* 942DiStringMatch.swift in Sources */ = {isa = PBXBuildFile; fileRef = 02C42941224364C800FCD718 /* 942DiStringMatch.swift */; };
		02C429442243698B00FCD718 /* 832FlippingAnImage.swift in Sources */ = {isa = PBXBuildFile; fileRef = 02C429432243698B00FCD718 /* 832FlippingAnImage.swift */; };
		02C42946224370C000FCD718 /* 804UniqueMorseCodeWords.swift in Sources */ = {isa = PBXBuildFile; fileRef = 02C42945224370C000FCD718 /* 804UniqueMorseCodeWords.swift */; };
		02C42948224378FF00FCD718 /* 929unique-email-addresses.swift in Sources */ = {isa = PBXBuildFile; fileRef = 02C42947224378FF00FCD718 /* 929unique-email-addresses.swift */; };
		02C4294A22437E4B00FCD718 /* 905sort-array-by-parity.swift in Sources */ = {isa = PBXBuildFile; fileRef = 02C4294922437E4B00FCD718 /* 905sort-array-by-parity.swift */; };
		02C4294C22438C4C00FCD718 /* 961n-repeated-element-in-size-2n-array.swift in Sources */ = {isa = PBXBuildFile; fileRef = 02C4294B22438C4C00FCD718 /* 961n-repeated-element-in-size-2n-array.swift */; };
		02C4294E22446D5E00FCD718 /* 461hamming-distance.swift in Sources */ = {isa = PBXBuildFile; fileRef = 02C4294D22446D5E00FCD718 /* 461hamming-distance.swift */; };
		02C429502244765A00FCD718 /* 617merge-two-binary-trees.swift in Sources */ = {isa = PBXBuildFile; fileRef = 02C4294F2244765A00FCD718 /* 617merge-two-binary-trees.swift */; };
		02C429522244794E00FCD718 /* 104maximum-depth-of-binary-tree.swift in Sources */ = {isa = PBXBuildFile; fileRef = 02C429512244794E00FCD718 /* 104maximum-depth-of-binary-tree.swift */; };
		02C4295422447B5400FCD718 /* 226invert-binary-tree.swift in Sources */ = {isa = PBXBuildFile; fileRef = 02C4295322447B5400FCD718 /* 226invert-binary-tree.swift */; };
		02C42956224485BF00FCD718 /* 476number-complement.swift in Sources */ = {isa = PBXBuildFile; fileRef = 02C42955224485BF00FCD718 /* 476number-complement.swift */; };
		02C429582244893000FCD718 /* 852peak-index-in-a-mountain-array.swift in Sources */ = {isa = PBXBuildFile; fileRef = 02C429572244893000FCD718 /* 852peak-index-in-a-mountain-array.swift */; };
		02C4295A22448D0200FCD718 /* 922sort-array-by-parity-ii.swift in Sources */ = {isa = PBXBuildFile; fileRef = 02C4295922448D0200FCD718 /* 922sort-array-by-parity-ii.swift */; };
		02C4295C2244B58800FCD718 /* 944delete-columns-to-make-sorted.swift in Sources */ = {isa = PBXBuildFile; fileRef = 02C4295B2244B58800FCD718 /* 944delete-columns-to-make-sorted.swift */; };
		02C4295E2244BCEC00FCD718 /* 292nim-game.swift in Sources */ = {isa = PBXBuildFile; fileRef = 02C4295D2244BCEC00FCD718 /* 292nim-game.swift */; };
/* End PBXBuildFile section */

/* Begin PBXCopyFilesBuildPhase section */
		02764C9022251D31008F963C /* CopyFiles */ = {
			isa = PBXCopyFilesBuildPhase;
			buildActionMask = 2147483647;
			dstPath = /usr/share/man/man1/;
			dstSubfolderSpec = 0;
			files = (
			);
			runOnlyForDeploymentPostprocessing = 1;
		};
/* End PBXCopyFilesBuildPhase section */

/* Begin PBXFileReference section */
		02764C9222251D31008F963C /* LeetCodeTest */ = {isa = PBXFileReference; explicitFileType = "compiled.mach-o.executable"; includeInIndex = 0; path = LeetCodeTest; sourceTree = BUILT_PRODUCTS_DIR; };
		02764C9522251D31008F963C /* main.swift */ = {isa = PBXFileReference; lastKnownFileType = sourcecode.swift; path = main.swift; sourceTree = "<group>"; };
		02764C9C22251D4F008F963C /* LeetCode343_IntegerBreak.swift */ = {isa = PBXFileReference; lastKnownFileType = sourcecode.swift; path = LeetCode343_IntegerBreak.swift; sourceTree = "<group>"; };
		02764C9E222527E9008F963C /* LeetCode70_ClimbingStairs.swift */ = {isa = PBXFileReference; lastKnownFileType = sourcecode.swift; path = LeetCode70_ClimbingStairs.swift; sourceTree = "<group>"; };
		02764CA02225307E008F963C /* LeetCode509_FibonacciNumber.swift */ = {isa = PBXFileReference; lastKnownFileType = sourcecode.swift; path = LeetCode509_FibonacciNumber.swift; sourceTree = "<group>"; };
		02764CA222253359008F963C /* 842SplitArrayintoFibonacciSequence.swift */ = {isa = PBXFileReference; lastKnownFileType = sourcecode.swift; path = 842SplitArrayintoFibonacciSequence.swift; sourceTree = "<group>"; };
		02764CA422265436008F963C /* 32LongestValidParentheses.swift */ = {isa = PBXFileReference; lastKnownFileType = sourcecode.swift; path = 32LongestValidParentheses.swift; sourceTree = "<group>"; };
		02764CA622267BA1008F963C /* LeetCode198_HouseRobber.swift */ = {isa = PBXFileReference; lastKnownFileType = sourcecode.swift; path = LeetCode198_HouseRobber.swift; sourceTree = "<group>"; };
		027DB13A2229308D0023487B /* 33SearchInRotatedSortedArray.swift */ = {isa = PBXFileReference; lastKnownFileType = sourcecode.swift; path = 33SearchInRotatedSortedArray.swift; sourceTree = "<group>"; };
		027DB1F9222F706B0023487B /* RingList.swift */ = {isa = PBXFileReference; lastKnownFileType = sourcecode.swift; path = RingList.swift; sourceTree = "<group>"; };
		027DB1FF222FB0620023487B /* BinaryTreeHeight.swift */ = {isa = PBXFileReference; lastKnownFileType = sourcecode.swift; path = BinaryTreeHeight.swift; sourceTree = "<group>"; };
		02C4292E223F84E000FCD718 /* FullPermutationString.swift */ = {isa = PBXFileReference; lastKnownFileType = sourcecode.swift; path = FullPermutationString.swift; sourceTree = "<group>"; };
		02C429302240EBEC00FCD718 /* 17LetterCombinationsofaPhoneNumber.swift */ = {isa = PBXFileReference; lastKnownFileType = sourcecode.swift; path = 17LetterCombinationsofaPhoneNumber.swift; sourceTree = "<group>"; };
		02C42932224209AB00FCD718 /* 38CountAndSay.swift */ = {isa = PBXFileReference; lastKnownFileType = sourcecode.swift; path = 38CountAndSay.swift; sourceTree = "<group>"; };
		02C429342242100600FCD718 /* 39CombinationSum.swift */ = {isa = PBXFileReference; lastKnownFileType = sourcecode.swift; path = 39CombinationSum.swift; sourceTree = "<group>"; };
		02C42936224235B300FCD718 /* 41FirstMissingpPositive.swift */ = {isa = PBXFileReference; lastKnownFileType = sourcecode.swift; path = 41FirstMissingpPositive.swift; sourceTree = "<group>"; };
		02C4293822431F2C00FCD718 /* 40CombinationSumII.swift */ = {isa = PBXFileReference; lastKnownFileType = sourcecode.swift; path = 40CombinationSumII.swift; sourceTree = "<group>"; };
		02C4293B224338D200FCD718 /* 771JewelsAndStones.swift */ = {isa = PBXFileReference; lastKnownFileType = sourcecode.swift; path = 771JewelsAndStones.swift; sourceTree = "<group>"; };
		02C4293D22433BEF00FCD718 /* 709ToLowerCase.swift */ = {isa = PBXFileReference; lastKnownFileType = sourcecode.swift; path = 709ToLowerCase.swift; sourceTree = "<group>"; };
		02C4293F224357A000FCD718 /* 977SquaresOfASortedArray.swift */ = {isa = PBXFileReference; lastKnownFileType = sourcecode.swift; path = 977SquaresOfASortedArray.swift; sourceTree = "<group>"; };
		02C42941224364C800FCD718 /* 942DiStringMatch.swift */ = {isa = PBXFileReference; lastKnownFileType = sourcecode.swift; path = 942DiStringMatch.swift; sourceTree = "<group>"; };
		02C429432243698B00FCD718 /* 832FlippingAnImage.swift */ = {isa = PBXFileReference; lastKnownFileType = sourcecode.swift; path = 832FlippingAnImage.swift; sourceTree = "<group>"; };
		02C42945224370C000FCD718 /* 804UniqueMorseCodeWords.swift */ = {isa = PBXFileReference; lastKnownFileType = sourcecode.swift; path = 804UniqueMorseCodeWords.swift; sourceTree = "<group>"; };
		02C42947224378FF00FCD718 /* 929unique-email-addresses.swift */ = {isa = PBXFileReference; lastKnownFileType = sourcecode.swift; path = "929unique-email-addresses.swift"; sourceTree = "<group>"; };
		02C4294922437E4B00FCD718 /* 905sort-array-by-parity.swift */ = {isa = PBXFileReference; lastKnownFileType = sourcecode.swift; path = "905sort-array-by-parity.swift"; sourceTree = "<group>"; };
		02C4294B22438C4C00FCD718 /* 961n-repeated-element-in-size-2n-array.swift */ = {isa = PBXFileReference; lastKnownFileType = sourcecode.swift; path = "961n-repeated-element-in-size-2n-array.swift"; sourceTree = "<group>"; };
		02C4294D22446D5E00FCD718 /* 461hamming-distance.swift */ = {isa = PBXFileReference; lastKnownFileType = sourcecode.swift; path = "461hamming-distance.swift"; sourceTree = "<group>"; };
		02C4294F2244765A00FCD718 /* 617merge-two-binary-trees.swift */ = {isa = PBXFileReference; lastKnownFileType = sourcecode.swift; path = "617merge-two-binary-trees.swift"; sourceTree = "<group>"; };
		02C429512244794E00FCD718 /* 104maximum-depth-of-binary-tree.swift */ = {isa = PBXFileReference; lastKnownFileType = sourcecode.swift; path = "104maximum-depth-of-binary-tree.swift"; sourceTree = "<group>"; };
		02C4295322447B5400FCD718 /* 226invert-binary-tree.swift */ = {isa = PBXFileReference; lastKnownFileType = sourcecode.swift; path = "226invert-binary-tree.swift"; sourceTree = "<group>"; };
		02C42955224485BF00FCD718 /* 476number-complement.swift */ = {isa = PBXFileReference; lastKnownFileType = sourcecode.swift; path = "476number-complement.swift"; sourceTree = "<group>"; };
		02C429572244893000FCD718 /* 852peak-index-in-a-mountain-array.swift */ = {isa = PBXFileReference; lastKnownFileType = sourcecode.swift; path = "852peak-index-in-a-mountain-array.swift"; sourceTree = "<group>"; };
		02C4295922448D0200FCD718 /* 922sort-array-by-parity-ii.swift */ = {isa = PBXFileReference; lastKnownFileType = sourcecode.swift; path = "922sort-array-by-parity-ii.swift"; sourceTree = "<group>"; };
		02C4295B2244B58800FCD718 /* 944delete-columns-to-make-sorted.swift */ = {isa = PBXFileReference; lastKnownFileType = sourcecode.swift; path = "944delete-columns-to-make-sorted.swift"; sourceTree = "<group>"; };
		02C4295D2244BCEC00FCD718 /* 292nim-game.swift */ = {isa = PBXFileReference; lastKnownFileType = sourcecode.swift; path = "292nim-game.swift"; sourceTree = "<group>"; };
/* End PBXFileReference section */

/* Begin PBXFrameworksBuildPhase section */
		02764C8F22251D31008F963C /* Frameworks */ = {
			isa = PBXFrameworksBuildPhase;
			buildActionMask = 2147483647;
			files = (
			);
			runOnlyForDeploymentPostprocessing = 0;
		};
/* End PBXFrameworksBuildPhase section */

/* Begin PBXGroup section */
		02764C8922251D31008F963C = {
			isa = PBXGroup;
			children = (
				02764C9422251D31008F963C /* LeetCodeTest */,
				02764C9322251D31008F963C /* Products */,
			);
			sourceTree = "<group>";
		};
		02764C9322251D31008F963C /* Products */ = {
			isa = PBXGroup;
			children = (
				02764C9222251D31008F963C /* LeetCodeTest */,
			);
			name = Products;
			sourceTree = "<group>";
		};
		02764C9422251D31008F963C /* LeetCodeTest */ = {
			isa = PBXGroup;
			children = (
				02764C9522251D31008F963C /* main.swift */,
				027DB1F7222F59260023487B /* BaseAlgorithm */,
				02C429302240EBEC00FCD718 /* 17LetterCombinationsofaPhoneNumber.swift */,
				027DB13A2229308D0023487B /* 33SearchInRotatedSortedArray.swift */,
				02C42932224209AB00FCD718 /* 38CountAndSay.swift */,
				02C429342242100600FCD718 /* 39CombinationSum.swift */,
				02C4293822431F2C00FCD718 /* 40CombinationSumII.swift */,
				02C42936224235B300FCD718 /* 41FirstMissingpPositive.swift */,
				02764CA422265436008F963C /* 32LongestValidParentheses.swift */,
				02C429512244794E00FCD718 /* 104maximum-depth-of-binary-tree.swift */,
				02C4295322447B5400FCD718 /* 226invert-binary-tree.swift */,
				02C4295D2244BCEC00FCD718 /* 292nim-game.swift */,
				027DB13922291A6E0023487B /* DP_动态规划 */,
				02C4294D22446D5E00FCD718 /* 461hamming-distance.swift */,
				02C42955224485BF00FCD718 /* 476number-complement.swift */,
				02C4294F2244765A00FCD718 /* 617merge-two-binary-trees.swift */,
				02C4293D22433BEF00FCD718 /* 709ToLowerCase.swift */,
				02C4293B224338D200FCD718 /* 771JewelsAndStones.swift */,
				02C42945224370C000FCD718 /* 804UniqueMorseCodeWords.swift */,
				02C429432243698B00FCD718 /* 832FlippingAnImage.swift */,
				02764CA222253359008F963C /* 842SplitArrayintoFibonacciSequence.swift */,
				02C429572244893000FCD718 /* 852peak-index-in-a-mountain-array.swift */,
				02C4294922437E4B00FCD718 /* 905sort-array-by-parity.swift */,
				02C4295922448D0200FCD718 /* 922sort-array-by-parity-ii.swift */,
				02C42941224364C800FCD718 /* 942DiStringMatch.swift */,
				02C4295B2244B58800FCD718 /* 944delete-columns-to-make-sorted.swift */,
				02C42947224378FF00FCD718 /* 929unique-email-addresses.swift */,
				02C4294B22438C4C00FCD718 /* 961n-repeated-element-in-size-2n-array.swift */,
				02C4293F224357A000FCD718 /* 977SquaresOfASortedArray.swift */,
			);
			path = LeetCodeTest;
			sourceTree = "<group>";
		};
		027DB13922291A6E0023487B /* DP_动态规划 */ = {
			isa = PBXGroup;
			children = (
				02764C9E222527E9008F963C /* LeetCode70_ClimbingStairs.swift */,
				02764CA622267BA1008F963C /* LeetCode198_HouseRobber.swift */,
				02764C9C22251D4F008F963C /* LeetCode343_IntegerBreak.swift */,
				02764CA02225307E008F963C /* LeetCode509_FibonacciNumber.swift */,
			);
			path = "DP_动态规划";
			sourceTree = "<group>";
		};
		027DB1F7222F59260023487B /* BaseAlgorithm */ = {
			isa = PBXGroup;
			children = (
				02C4292D223F803800FCD718 /* String */,
				027DB1FE222FB0410023487B /* BinaryTree */,
				027DB1F8222F59840023487B /* LinkList */,
			);
			path = BaseAlgorithm;
			sourceTree = "<group>";
		};
		027DB1F8222F59840023487B /* LinkList */ = {
			isa = PBXGroup;
			children = (
				027DB1F9222F706B0023487B /* RingList.swift */,
			);
			path = LinkList;
			sourceTree = "<group>";
		};
		027DB1FE222FB0410023487B /* BinaryTree */ = {
			isa = PBXGroup;
			children = (
				027DB1FF222FB0620023487B /* BinaryTreeHeight.swift */,
			);
			path = BinaryTree;
			sourceTree = "<group>";
		};
		02C4292D223F803800FCD718 /* String */ = {
			isa = PBXGroup;
			children = (
				02C4292E223F84E000FCD718 /* FullPermutationString.swift */,
			);
			path = String;
			sourceTree = "<group>";
		};
/* End PBXGroup section */

/* Begin PBXNativeTarget section */
		02764C9122251D31008F963C /* LeetCodeTest */ = {
			isa = PBXNativeTarget;
			buildConfigurationList = 02764C9922251D31008F963C /* Build configuration list for PBXNativeTarget "LeetCodeTest" */;
			buildPhases = (
				02764C8E22251D31008F963C /* Sources */,
				02764C8F22251D31008F963C /* Frameworks */,
				02764C9022251D31008F963C /* CopyFiles */,
			);
			buildRules = (
			);
			dependencies = (
			);
			name = LeetCodeTest;
			productName = LeetCodeTest;
			productReference = 02764C9222251D31008F963C /* LeetCodeTest */;
			productType = "com.apple.product-type.tool";
		};
/* End PBXNativeTarget section */

/* Begin PBXProject section */
		02764C8A22251D31008F963C /* Project object */ = {
			isa = PBXProject;
			attributes = {
				LastSwiftUpdateCheck = 1010;
				LastUpgradeCheck = 1010;
				ORGANIZATIONNAME = chouheiwa;
				TargetAttributes = {
					02764C9122251D31008F963C = {
						CreatedOnToolsVersion = 10.1;
					};
				};
			};
			buildConfigurationList = 02764C8D22251D31008F963C /* Build configuration list for PBXProject "LeetCodeTest" */;
			compatibilityVersion = "Xcode 9.3";
			developmentRegion = en;
			hasScannedForEncodings = 0;
			knownRegions = (
				en,
			);
			mainGroup = 02764C8922251D31008F963C;
			productRefGroup = 02764C9322251D31008F963C /* Products */;
			projectDirPath = "";
			projectRoot = "";
			targets = (
				02764C9122251D31008F963C /* LeetCodeTest */,
			);
		};
/* End PBXProject section */

/* Begin PBXSourcesBuildPhase section */
		02764C8E22251D31008F963C /* Sources */ = {
			isa = PBXSourcesBuildPhase;
			buildActionMask = 2147483647;
			files = (
				02C4294A22437E4B00FCD718 /* 905sort-array-by-parity.swift in Sources */,
				02764C9D22251D4F008F963C /* LeetCode343_IntegerBreak.swift in Sources */,
				02C42942224364C800FCD718 /* 942DiStringMatch.swift in Sources */,
				02C429582244893000FCD718 /* 852peak-index-in-a-mountain-array.swift in Sources */,
				02C4293922431F2C00FCD718 /* 40CombinationSumII.swift in Sources */,
				02C429442243698B00FCD718 /* 832FlippingAnImage.swift in Sources */,
				02C42933224209AB00FCD718 /* 38CountAndSay.swift in Sources */,
				02C42956224485BF00FCD718 /* 476number-complement.swift in Sources */,
				02764CA322253359008F963C /* 842SplitArrayintoFibonacciSequence.swift in Sources */,
				02764CA722267BA1008F963C /* LeetCode198_HouseRobber.swift in Sources */,
				02C4295E2244BCEC00FCD718 /* 292nim-game.swift in Sources */,
				02C429502244765A00FCD718 /* 617merge-two-binary-trees.swift in Sources */,
				027DB200222FB0620023487B /* BinaryTreeHeight.swift in Sources */,
				02C4295422447B5400FCD718 /* 226invert-binary-tree.swift in Sources */,
				02C42948224378FF00FCD718 /* 929unique-email-addresses.swift in Sources */,
				02C4293C224338D200FCD718 /* 771JewelsAndStones.swift in Sources */,
				02C4294C22438C4C00FCD718 /* 961n-repeated-element-in-size-2n-array.swift in Sources */,
				02C4293E22433BEF00FCD718 /* 709ToLowerCase.swift in Sources */,
				02C4292F223F84E000FCD718 /* FullPermutationString.swift in Sources */,
				02C4295A22448D0200FCD718 /* 922sort-array-by-parity-ii.swift in Sources */,
				02C4295C2244B58800FCD718 /* 944delete-columns-to-make-sorted.swift in Sources */,
				02764CA522265436008F963C /* 32LongestValidParentheses.swift in Sources */,
				02C429312240EBEC00FCD718 /* 17LetterCombinationsofaPhoneNumber.swift in Sources */,
				02C42946224370C000FCD718 /* 804UniqueMorseCodeWords.swift in Sources */,
				02764C9622251D31008F963C /* main.swift in Sources */,
				02C429352242100600FCD718 /* 39CombinationSum.swift in Sources */,
				02764C9F222527E9008F963C /* LeetCode70_ClimbingStairs.swift in Sources */,
				02C4294E22446D5E00FCD718 /* 461hamming-distance.swift in Sources */,
				02C429522244794E00FCD718 /* 104maximum-depth-of-binary-tree.swift in Sources */,
				027DB1FA222F706B0023487B /* RingList.swift in Sources */,
				02C42937224235B300FCD718 /* 41FirstMissingpPositive.swift in Sources */,
				02764CA12225307E008F963C /* LeetCode509_FibonacciNumber.swift in Sources */,
				02C42940224357A000FCD718 /* 977SquaresOfASortedArray.swift in Sources */,
				027DB13B2229308D0023487B /* 33SearchInRotatedSortedArray.swift in Sources */,
			);
			runOnlyForDeploymentPostprocessing = 0;
		};
/* End PBXSourcesBuildPhase section */

/* Begin XCBuildConfiguration section */
		02764C9722251D31008F963C /* Debug */ = {
			isa = XCBuildConfiguration;
			buildSettings = {
				ALWAYS_SEARCH_USER_PATHS = NO;
				CLANG_ANALYZER_NONNULL = YES;
				CLANG_ANALYZER_NUMBER_OBJECT_CONVERSION = YES_AGGRESSIVE;
				CLANG_CXX_LANGUAGE_STANDARD = "gnu++14";
				CLANG_CXX_LIBRARY = "libc++";
				CLANG_ENABLE_MODULES = YES;
				CLANG_ENABLE_OBJC_ARC = YES;
				CLANG_ENABLE_OBJC_WEAK = YES;
				CLANG_WARN_BLOCK_CAPTURE_AUTORELEASING = YES;
				CLANG_WARN_BOOL_CONVERSION = YES;
				CLANG_WARN_COMMA = YES;
				CLANG_WARN_CONSTANT_CONVERSION = YES;
				CLANG_WARN_DEPRECATED_OBJC_IMPLEMENTATIONS = YES;
				CLANG_WARN_DIRECT_OBJC_ISA_USAGE = YES_ERROR;
				CLANG_WARN_DOCUMENTATION_COMMENTS = YES;
				CLANG_WARN_EMPTY_BODY = YES;
				CLANG_WARN_ENUM_CONVERSION = YES;
				CLANG_WARN_INFINITE_RECURSION = YES;
				CLANG_WARN_INT_CONVERSION = YES;
				CLANG_WARN_NON_LITERAL_NULL_CONVERSION = YES;
				CLANG_WARN_OBJC_IMPLICIT_RETAIN_SELF = YES;
				CLANG_WARN_OBJC_LITERAL_CONVERSION = YES;
				CLANG_WARN_OBJC_ROOT_CLASS = YES_ERROR;
				CLANG_WARN_RANGE_LOOP_ANALYSIS = YES;
				CLANG_WARN_STRICT_PROTOTYPES = YES;
				CLANG_WARN_SUSPICIOUS_MOVE = YES;
				CLANG_WARN_UNGUARDED_AVAILABILITY = YES_AGGRESSIVE;
				CLANG_WARN_UNREACHABLE_CODE = YES;
				CLANG_WARN__DUPLICATE_METHOD_MATCH = YES;
				CODE_SIGN_IDENTITY = "Mac Developer";
				COPY_PHASE_STRIP = NO;
				DEBUG_INFORMATION_FORMAT = dwarf;
				ENABLE_STRICT_OBJC_MSGSEND = YES;
				ENABLE_TESTABILITY = YES;
				GCC_C_LANGUAGE_STANDARD = gnu11;
				GCC_DYNAMIC_NO_PIC = NO;
				GCC_NO_COMMON_BLOCKS = YES;
				GCC_OPTIMIZATION_LEVEL = 0;
				GCC_PREPROCESSOR_DEFINITIONS = (
					"DEBUG=1",
					"$(inherited)",
				);
				GCC_WARN_64_TO_32_BIT_CONVERSION = YES;
				GCC_WARN_ABOUT_RETURN_TYPE = YES_ERROR;
				GCC_WARN_UNDECLARED_SELECTOR = YES;
				GCC_WARN_UNINITIALIZED_AUTOS = YES_AGGRESSIVE;
				GCC_WARN_UNUSED_FUNCTION = YES;
				GCC_WARN_UNUSED_VARIABLE = YES;
				MACOSX_DEPLOYMENT_TARGET = 10.14;
				MTL_ENABLE_DEBUG_INFO = INCLUDE_SOURCE;
				MTL_FAST_MATH = YES;
				ONLY_ACTIVE_ARCH = YES;
				SDKROOT = macosx;
				SWIFT_ACTIVE_COMPILATION_CONDITIONS = DEBUG;
				SWIFT_OPTIMIZATION_LEVEL = "-Onone";
			};
			name = Debug;
		};
		02764C9822251D31008F963C /* Release */ = {
			isa = XCBuildConfiguration;
			buildSettings = {
				ALWAYS_SEARCH_USER_PATHS = NO;
				CLANG_ANALYZER_NONNULL = YES;
				CLANG_ANALYZER_NUMBER_OBJECT_CONVERSION = YES_AGGRESSIVE;
				CLANG_CXX_LANGUAGE_STANDARD = "gnu++14";
				CLANG_CXX_LIBRARY = "libc++";
				CLANG_ENABLE_MODULES = YES;
				CLANG_ENABLE_OBJC_ARC = YES;
				CLANG_ENABLE_OBJC_WEAK = YES;
				CLANG_WARN_BLOCK_CAPTURE_AUTORELEASING = YES;
				CLANG_WARN_BOOL_CONVERSION = YES;
				CLANG_WARN_COMMA = YES;
				CLANG_WARN_CONSTANT_CONVERSION = YES;
				CLANG_WARN_DEPRECATED_OBJC_IMPLEMENTATIONS = YES;
				CLANG_WARN_DIRECT_OBJC_ISA_USAGE = YES_ERROR;
				CLANG_WARN_DOCUMENTATION_COMMENTS = YES;
				CLANG_WARN_EMPTY_BODY = YES;
				CLANG_WARN_ENUM_CONVERSION = YES;
				CLANG_WARN_INFINITE_RECURSION = YES;
				CLANG_WARN_INT_CONVERSION = YES;
				CLANG_WARN_NON_LITERAL_NULL_CONVERSION = YES;
				CLANG_WARN_OBJC_IMPLICIT_RETAIN_SELF = YES;
				CLANG_WARN_OBJC_LITERAL_CONVERSION = YES;
				CLANG_WARN_OBJC_ROOT_CLASS = YES_ERROR;
				CLANG_WARN_RANGE_LOOP_ANALYSIS = YES;
				CLANG_WARN_STRICT_PROTOTYPES = YES;
				CLANG_WARN_SUSPICIOUS_MOVE = YES;
				CLANG_WARN_UNGUARDED_AVAILABILITY = YES_AGGRESSIVE;
				CLANG_WARN_UNREACHABLE_CODE = YES;
				CLANG_WARN__DUPLICATE_METHOD_MATCH = YES;
				CODE_SIGN_IDENTITY = "Mac Developer";
				COPY_PHASE_STRIP = NO;
				DEBUG_INFORMATION_FORMAT = "dwarf-with-dsym";
				ENABLE_NS_ASSERTIONS = NO;
				ENABLE_STRICT_OBJC_MSGSEND = YES;
				GCC_C_LANGUAGE_STANDARD = gnu11;
				GCC_NO_COMMON_BLOCKS = YES;
				GCC_WARN_64_TO_32_BIT_CONVERSION = YES;
				GCC_WARN_ABOUT_RETURN_TYPE = YES_ERROR;
				GCC_WARN_UNDECLARED_SELECTOR = YES;
				GCC_WARN_UNINITIALIZED_AUTOS = YES_AGGRESSIVE;
				GCC_WARN_UNUSED_FUNCTION = YES;
				GCC_WARN_UNUSED_VARIABLE = YES;
				MACOSX_DEPLOYMENT_TARGET = 10.14;
				MTL_ENABLE_DEBUG_INFO = NO;
				MTL_FAST_MATH = YES;
				SDKROOT = macosx;
				SWIFT_COMPILATION_MODE = wholemodule;
				SWIFT_OPTIMIZATION_LEVEL = "-O";
			};
			name = Release;
		};
		02764C9A22251D31008F963C /* Debug */ = {
			isa = XCBuildConfiguration;
			buildSettings = {
				CODE_SIGN_STYLE = Automatic;
				DEVELOPMENT_TEAM = 2UNAYZPR4S;
				PRODUCT_NAME = "$(TARGET_NAME)";
				SWIFT_VERSION = 4.2;
			};
			name = Debug;
		};
		02764C9B22251D31008F963C /* Release */ = {
			isa = XCBuildConfiguration;
			buildSettings = {
				CODE_SIGN_STYLE = Automatic;
				DEVELOPMENT_TEAM = 2UNAYZPR4S;
				PRODUCT_NAME = "$(TARGET_NAME)";
				SWIFT_VERSION = 4.2;
			};
			name = Release;
		};
/* End XCBuildConfiguration section */

/* Begin XCConfigurationList section */
		02764C8D22251D31008F963C /* Build configuration list for PBXProject "LeetCodeTest" */ = {
			isa = XCConfigurationList;
			buildConfigurations = (
				02764C9722251D31008F963C /* Debug */,
				02764C9822251D31008F963C /* Release */,
			);
			defaultConfigurationIsVisible = 0;
			defaultConfigurationName = Release;
		};
		02764C9922251D31008F963C /* Build configuration list for PBXNativeTarget "LeetCodeTest" */ = {
			isa = XCConfigurationList;
			buildConfigurations = (
				02764C9A22251D31008F963C /* Debug */,
				02764C9B22251D31008F963C /* Release */,
			);
			defaultConfigurationIsVisible = 0;
			defaultConfigurationName = Release;
		};
/* End XCConfigurationList section */
	};
	rootObject = 02764C8A22251D31008F963C /* Project object */;
}
